
Microsoft Visual Studio Solution File, Format Version 12.00
Project("{FAE04EC0-301F-11D3-BF4B-00C04F79EFBC}") = "AudioCdBurner.App", "AudioCdBurner.App\AudioCdBurner.App.csproj", "{2012F4AC-D6BD-4EBB-BCDB-6AC8A4CCC85E}"
EndProject
Global
	GlobalSection(SolutionConfigurationPlatforms) = preSolution
		Debug|Any CPU = Debug|Any CPU
		Release|Any CPU = Release|Any CPU
	EndGlobalSection
	GlobalSection(ProjectConfigurationPlatforms) = postSolution
		{2012F4AC-D6BD-4EBB-BCDB-6AC8A4CCC85E}.Debug|Any CPU.ActiveCfg = Debug|Any CPU
		{2012F4AC-D6BD-4EBB-BCDB-6AC8A4CCC85E}.Debug|Any CPU.Build.0 = Debug|Any CPU
		{2012F4AC-D6BD-4EBB-BCDB-6AC8A4CCC85E}.Release|Any CPU.ActiveCfg = Release|Any CPU
		{2012F4AC-D6BD-4EBB-BCDB-6AC8A4CCC85E}.Release|Any CPU.Build.0 = Release|Any CPU
	EndGlobalSection
EndGlobal
